// !$*UTF8*$!
{
	archiveVersion = 1;
	classes = {
	};
	objectVersion = 46;
	objects = {

/* Begin PBXBuildFile section */
		8D15AC2C0486D014006FF6A4 /* Credits.rtf in Resources */ = {isa = PBXBuildFile; fileRef = 2A37F4B9FDCFA73011CA2CEA /* Credits.rtf */; };
		8D15AC2D0486D014006FF6A4 /* MainMenu.nib in Resources */ = {isa = PBXBuildFile; fileRef = 2A37F4B6FDCFA73011CA2CEA /* MainMenu.nib */; };
		8D15AC2E0486D014006FF6A4 /* PreviewDocument.nib in Resources */ = {isa = PBXBuildFile; fileRef = 2A37F4B4FDCFA73011CA2CEA /* PreviewDocument.nib */; };
		8D15AC2F0486D014006FF6A4 /* InfoPlist.strings in Resources */ = {isa = PBXBuildFile; fileRef = 089C165FFE840EACC02AAC07 /* InfoPlist.strings */; };
		8D15AC310486D014006FF6A4 /* FOPreviewDocument.m in Sources */ = {isa = PBXBuildFile; fileRef = 2A37F4ACFDCFA73011CA2CEA /* FOPreviewDocument.m */; settings = {ATTRIBUTES = (); }; };
		8D15AC320486D014006FF6A4 /* main.m in Sources */ = {isa = PBXBuildFile; fileRef = 2A37F4B0FDCFA73011CA2CEA /* main.m */; settings = {ATTRIBUTES = (); }; };
		8D15AC340486D014006FF6A4 /* Cocoa.framework in Frameworks */ = {isa = PBXBuildFile; fileRef = 1058C7A7FEA54F5311CA2CBB /* Cocoa.framework */; };
		A61370490A92346F008B0900 /* QTMovieAdditions.m in Sources */ = {isa = PBXBuildFile; fileRef = A61370480A92346F008B0900 /* QTMovieAdditions.m */; };
		A61370780A92424F008B0900 /* QuickTime.framework in Frameworks */ = {isa = PBXBuildFile; fileRef = A61370770A92424E008B0900 /* QuickTime.framework */; };
		A6A8A64B0A8DF0EB00B0C980 /* FOApplicationController.m in Sources */ = {isa = PBXBuildFile; fileRef = A6A8A64A0A8DF0EB00B0C980 /* FOApplicationController.m */; };
		A6CD99680A84976C00F40EDE /* QTKit.framework in Frameworks */ = {isa = PBXBuildFile; fileRef = A6CD99670A84976C00F40EDE /* QTKit.framework */; };
		A6CD99A10A849DA700F40EDE /* FOScreenGrabber.m in Sources */ = {isa = PBXBuildFile; fileRef = A6CD99A00A849DA700F40EDE /* FOScreenGrabber.m */; };
		A6F6D2030A8E3B6D004D3E80 /* FOBatchScreenGrabber.m in Sources */ = {isa = PBXBuildFile; fileRef = A6F6D2020A8E3B6D004D3E80 /* FOBatchScreenGrabber.m */; };
		A6F6D2AF0A8E5AEC004D3E80 /* ScreenGrabber.icns in Resources */ = {isa = PBXBuildFile; fileRef = A6F6D2AE0A8E5AEC004D3E80 /* ScreenGrabber.icns */; };
		A6F6D2EA0A8E6271004D3E80 /* FOScreenGrabberPrefs.m in Sources */ = {isa = PBXBuildFile; fileRef = A6F6D2E90A8E6271004D3E80 /* FOScreenGrabberPrefs.m */; };
/* End PBXBuildFile section */

/* Begin PBXFileReference section */
		089C1660FE840EACC02AAC07 /* English */ = {isa = PBXFileReference; fileEncoding = 10; lastKnownFileType = text.plist.strings; name = English; path = Resources/English.lproj/InfoPlist.strings; sourceTree = "<group>"; };
		1058C7A7FEA54F5311CA2CBB /* Cocoa.framework */ = {isa = PBXFileReference; lastKnownFileType = wrapper.framework; name = Cocoa.framework; path = /System/Library/Frameworks/Cocoa.framework; sourceTree = "<absolute>"; };
		2A37F4ACFDCFA73011CA2CEA /* FOPreviewDocument.m */ = {isa = PBXFileReference; fileEncoding = 4; lastKnownFileType = sourcecode.c.objc; name = FOPreviewDocument.m; path = Classes/FOPreviewDocument.m; sourceTree = "<group>"; };
		2A37F4AEFDCFA73011CA2CEA /* FOPreviewDocument.h */ = {isa = PBXFileReference; fileEncoding = 4; lastKnownFileType = sourcecode.c.h; name = FOPreviewDocument.h; path = Classes/FOPreviewDocument.h; sourceTree = "<group>"; };
		2A37F4B0FDCFA73011CA2CEA /* main.m */ = {isa = PBXFileReference; fileEncoding = 4; lastKnownFileType = sourcecode.c.objc; path = main.m; sourceTree = "<group>"; };
		2A37F4B5FDCFA73011CA2CEA /* English */ = {isa = PBXFileReference; lastKnownFileType = wrapper.nib; name = English; path = Resources/English.lproj/PreviewDocument.nib; sourceTree = "<group>"; };
		2A37F4B7FDCFA73011CA2CEA /* English */ = {isa = PBXFileReference; lastKnownFileType = wrapper.nib; name = English; path = Resources/English.lproj/MainMenu.nib; sourceTree = "<group>"; };
		2A37F4BAFDCFA73011CA2CEA /* English */ = {isa = PBXFileReference; lastKnownFileType = text.rtf; name = English; path = Resources/English.lproj/Credits.rtf; sourceTree = "<group>"; };
		2A37F4C4FDCFA73011CA2CEA /* AppKit.framework */ = {isa = PBXFileReference; lastKnownFileType = wrapper.framework; name = AppKit.framework; path = /System/Library/Frameworks/AppKit.framework; sourceTree = "<absolute>"; };
		2A37F4C5FDCFA73011CA2CEA /* Foundation.framework */ = {isa = PBXFileReference; lastKnownFileType = wrapper.framework; name = Foundation.framework; path = /System/Library/Frameworks/Foundation.framework; sourceTree = "<absolute>"; };
		32DBCF750370BD2300C91783 /* ScreenGrabber_Prefix.pch */ = {isa = PBXFileReference; fileEncoding = 4; lastKnownFileType = sourcecode.c.h; path = ScreenGrabber_Prefix.pch; sourceTree = "<group>"; };
		8D15AC360486D014006FF6A4 /* Info.plist */ = {isa = PBXFileReference; fileEncoding = 4; lastKnownFileType = text.plist; path = Info.plist; sourceTree = "<group>"; };
		8D15AC370486D014006FF6A4 /* Screen Grabber.app */ = {isa = PBXFileReference; explicitFileType = wrapper.application; includeInIndex = 0; path = "Screen Grabber.app"; sourceTree = BUILT_PRODUCTS_DIR; };
		A61370470A92346F008B0900 /* QTMovieAdditions.h */ = {isa = PBXFileReference; fileEncoding = 4; lastKnownFileType = sourcecode.c.h; name = QTMovieAdditions.h; path = Classes/QTMovieAdditions.h; sourceTree = "<group>"; };
		A61370480A92346F008B0900 /* QTMovieAdditions.m */ = {isa = PBXFileReference; fileEncoding = 4; lastKnownFileType = sourcecode.c.objc; name = QTMovieAdditions.m; path = Classes/QTMovieAdditions.m; sourceTree = "<group>"; };
		A61370770A92424E008B0900 /* QuickTime.framework */ = {isa = PBXFileReference; lastKnownFileType = wrapper.framework; name = QuickTime.framework; path = /System/Library/Frameworks/QuickTime.framework; sourceTree = "<absolute>"; };
		A6A8A6490A8DF0EA00B0C980 /* FOApplicationController.h */ = {isa = PBXFileReference; fileEncoding = 5; lastKnownFileType = sourcecode.c.h; name = FOApplicationController.h; path = Classes/FOApplicationController.h; sourceTree = "<group>"; };
		A6A8A64A0A8DF0EB00B0C980 /* FOApplicationController.m */ = {isa = PBXFileReference; fileEncoding = 5; lastKnownFileType = sourcecode.c.objc; name = FOApplicationController.m; path = Classes/FOApplicationController.m; sourceTree = "<group>"; };
		A6B406A80A94E0A300E1E5F9 /* Japanese */ = {isa = PBXFileReference; lastKnownFileType = text.rtf; name = Japanese; path = Resources/Japanese.lproj/Credits.rtf; sourceTree = "<group>"; };
		A6B406A90A94E0AC00E1E5F9 /* French */ = {isa = PBXFileReference; lastKnownFileType = text.rtf; name = French; path = Resources/French.lproj/Credits.rtf; sourceTree = "<group>"; };
		A6B406AA0A94E0B100E1E5F9 /* Swedish */ = {isa = PBXFileReference; lastKnownFileType = text.rtf; name = Swedish; path = Resources/Swedish.lproj/Credits.rtf; sourceTree = "<group>"; };
		A6B406AD0A94E0C400E1E5F9 /* Swedish */ = {isa = PBXFileReference; lastKnownFileType = wrapper.nib; name = Swedish; path = Resources/Swedish.lproj/MainMenu.nib; sourceTree = "<group>"; };
		A6B406AE0A94E0CD00E1E5F9 /* Japanese */ = {isa = PBXFileReference; lastKnownFileType = wrapper.nib; name = Japanese; path = Resources/Japanese.lproj/MainMenu.nib; sourceTree = "<group>"; };
		A6B406AF0A94E0D100E1E5F9 /* French */ = {isa = PBXFileReference; lastKnownFileType = wrapper.nib; name = French; path = Resources/French.lproj/MainMenu.nib; sourceTree = "<group>"; };
		A6B406B20A94E0DF00E1E5F9 /* Swedish */ = {isa = PBXFileReference; lastKnownFileType = wrapper.nib; name = Swedish; path = Resources/Swedish.lproj/PreviewDocument.nib; sourceTree = "<group>"; };
		A6B406B30A94E0E300E1E5F9 /* Japanese */ = {isa = PBXFileReference; lastKnownFileType = wrapper.nib; name = Japanese; path = Resources/Japanese.lproj/PreviewDocument.nib; sourceTree = "<group>"; };
		A6B406B40A94E0E700E1E5F9 /* French */ = {isa = PBXFileReference; lastKnownFileType = wrapper.nib; name = French; path = Resources/French.lproj/PreviewDocument.nib; sourceTree = "<group>"; };
		A6B406B70A94E0F300E1E5F9 /* Swedish */ = {isa = PBXFileReference; lastKnownFileType = text.plist.strings; name = Swedish; path = Resources/Swedish.lproj/InfoPlist.strings; sourceTree = "<group>"; };
		A6B406B80A94E0F700E1E5F9 /* Japanese */ = {isa = PBXFileReference; lastKnownFileType = text.plist.strings; name = Japanese; path = Resources/Japanese.lproj/InfoPlist.strings; sourceTree = "<group>"; };
		A6B406B90A94E0FB00E1E5F9 /* French */ = {isa = PBXFileReference; lastKnownFileType = text.plist.strings; name = French; path = Resources/French.lproj/InfoPlist.strings; sourceTree = "<group>"; };
		A6B4075D0A970BE400E1E5F9 /* zh_TW */ = {isa = PBXFileReference; lastKnownFileType = text.rtf; name = zh_TW; path = Resources/zh_TW.lproj/Credits.rtf; sourceTree = "<group>"; };
		A6B407600A970BF000E1E5F9 /* zh_TW */ = {isa = PBXFileReference; lastKnownFileType = wrapper.nib; name = zh_TW; path = Resources/zh_TW.lproj/MainMenu.nib; sourceTree = "<group>"; };
		A6B407640A970C0600E1E5F9 /* zh_TW */ = {isa = PBXFileReference; lastKnownFileType = wrapper.nib; name = zh_TW; path = Resources/zh_TW.lproj/PreviewDocument.nib; sourceTree = "<group>"; };
		A6B4076D0A970C2100E1E5F9 /* zh_TW */ = {isa = PBXFileReference; lastKnownFileType = text.plist.strings; name = zh_TW; path = Resources/zh_TW.lproj/InfoPlist.strings; sourceTree = "<group>"; };
		A6CD99670A84976C00F40EDE /* QTKit.framework */ = {isa = PBXFileReference; lastKnownFileType = wrapper.framework; name = QTKit.framework; path = /System/Library/Frameworks/QTKit.framework; sourceTree = "<absolute>"; };
		A6CD999F0A849DA700F40EDE /* FOScreenGrabber.h */ = {isa = PBXFileReference; fileEncoding = 4; lastKnownFileType = sourcecode.c.h; name = FOScreenGrabber.h; path = Classes/FOScreenGrabber.h; sourceTree = "<group>"; };
		A6CD99A00A849DA700F40EDE /* FOScreenGrabber.m */ = {isa = PBXFileReference; fileEncoding = 4; lastKnownFileType = sourcecode.c.objc; name = FOScreenGrabber.m; path = Classes/FOScreenGrabber.m; sourceTree = "<group>"; };
		A6F6D2010A8E3B6D004D3E80 /* FOBatchScreenGrabber.h */ = {isa = PBXFileReference; fileEncoding = 4; lastKnownFileType = sourcecode.c.h; name = FOBatchScreenGrabber.h; path = Classes/FOBatchScreenGrabber.h; sourceTree = "<group>"; };
		A6F6D2020A8E3B6D004D3E80 /* FOBatchScreenGrabber.m */ = {isa = PBXFileReference; fileEncoding = 4; lastKnownFileType = sourcecode.c.objc; name = FOBatchScreenGrabber.m; path = Classes/FOBatchScreenGrabber.m; sourceTree = "<group>"; };
		A6F6D2AE0A8E5AEC004D3E80 /* ScreenGrabber.icns */ = {isa = PBXFileReference; lastKnownFileType = image.icns; name = ScreenGrabber.icns; path = Resources/ScreenGrabber.icns; sourceTree = "<group>"; };
		A6F6D2E80A8E6271004D3E80 /* FOScreenGrabberPrefs.h */ = {isa = PBXFileReference; fileEncoding = 4; lastKnownFileType = sourcecode.c.h; name = FOScreenGrabberPrefs.h; path = Classes/FOScreenGrabberPrefs.h; sourceTree = "<group>"; };
		A6F6D2E90A8E6271004D3E80 /* FOScreenGrabberPrefs.m */ = {isa = PBXFileReference; fileEncoding = 4; lastKnownFileType = sourcecode.c.objc; name = FOScreenGrabberPrefs.m; path = Classes/FOScreenGrabberPrefs.m; sourceTree = "<group>"; };
/* End PBXFileReference section */

/* Begin PBXFrameworksBuildPhase section */
		8D15AC330486D014006FF6A4 /* Frameworks */ = {
			isa = PBXFrameworksBuildPhase;
			buildActionMask = 2147483647;
			files = (
				8D15AC340486D014006FF6A4 /* Cocoa.framework in Frameworks */,
				A6CD99680A84976C00F40EDE /* QTKit.framework in Frameworks */,
				A61370780A92424F008B0900 /* QuickTime.framework in Frameworks */,
			);
			runOnlyForDeploymentPostprocessing = 0;
		};
/* End PBXFrameworksBuildPhase section */

/* Begin PBXGroup section */
		1058C7A6FEA54F5311CA2CBB /* Linked Frameworks */ = {
			isa = PBXGroup;
			children = (
				1058C7A7FEA54F5311CA2CBB /* Cocoa.framework */,
			);
			name = "Linked Frameworks";
			sourceTree = "<group>";
		};
		1058C7A8FEA54F5311CA2CBB /* Other Frameworks */ = {
			isa = PBXGroup;
			children = (
				A61370770A92424E008B0900 /* QuickTime.framework */,
				A6CD99670A84976C00F40EDE /* QTKit.framework */,
				2A37F4C4FDCFA73011CA2CEA /* AppKit.framework */,
				2A37F4C5FDCFA73011CA2CEA /* Foundation.framework */,
			);
			name = "Other Frameworks";
			sourceTree = "<group>";
		};
		19C28FB0FE9D524F11CA2CBB /* Products */ = {
			isa = PBXGroup;
			children = (
				8D15AC370486D014006FF6A4 /* Screen Grabber.app */,
			);
			name = Products;
			sourceTree = "<group>";
		};
		2A37F4AAFDCFA73011CA2CEA /* ScreenGrabber */ = {
			isa = PBXGroup;
			children = (
				2A37F4ABFDCFA73011CA2CEA /* Classes */,
				2A37F4AFFDCFA73011CA2CEA /* Other Sources */,
				2A37F4B8FDCFA73011CA2CEA /* Resources */,
				2A37F4C3FDCFA73011CA2CEA /* Frameworks */,
				19C28FB0FE9D524F11CA2CBB /* Products */,
			);
			name = ScreenGrabber;
			sourceTree = "<group>";
		};
		2A37F4ABFDCFA73011CA2CEA /* Classes */ = {
			isa = PBXGroup;
			children = (
				2A37F4AEFDCFA73011CA2CEA /* FOPreviewDocument.h */,
				2A37F4ACFDCFA73011CA2CEA /* FOPreviewDocument.m */,
				A6CD999F0A849DA700F40EDE /* FOScreenGrabber.h */,
				A6CD99A00A849DA700F40EDE /* FOScreenGrabber.m */,
				A61370470A92346F008B0900 /* QTMovieAdditions.h */,
				A61370480A92346F008B0900 /* QTMovieAdditions.m */,
				A6A8A6490A8DF0EA00B0C980 /* FOApplicationController.h */,
				A6A8A64A0A8DF0EB00B0C980 /* FOApplicationController.m */,
				A6F6D2010A8E3B6D004D3E80 /* FOBatchScreenGrabber.h */,
				A6F6D2020A8E3B6D004D3E80 /* FOBatchScreenGrabber.m */,
				A6F6D2E80A8E6271004D3E80 /* FOScreenGrabberPrefs.h */,
				A6F6D2E90A8E6271004D3E80 /* FOScreenGrabberPrefs.m */,
			);
			name = Classes;
			sourceTree = "<group>";
		};
		2A37F4AFFDCFA73011CA2CEA /* Other Sources */ = {
			isa = PBXGroup;
			children = (
				32DBCF750370BD2300C91783 /* ScreenGrabber_Prefix.pch */,
				2A37F4B0FDCFA73011CA2CEA /* main.m */,
			);
			name = "Other Sources";
			sourceTree = "<group>";
		};
		2A37F4B8FDCFA73011CA2CEA /* Resources */ = {
			isa = PBXGroup;
			children = (
				A6F6D2AE0A8E5AEC004D3E80 /* ScreenGrabber.icns */,
				2A37F4B9FDCFA73011CA2CEA /* Credits.rtf */,
				2A37F4B6FDCFA73011CA2CEA /* MainMenu.nib */,
				2A37F4B4FDCFA73011CA2CEA /* PreviewDocument.nib */,
				8D15AC360486D014006FF6A4 /* Info.plist */,
				089C165FFE840EACC02AAC07 /* InfoPlist.strings */,
			);
			name = Resources;
			sourceTree = "<group>";
		};
		2A37F4C3FDCFA73011CA2CEA /* Frameworks */ = {
			isa = PBXGroup;
			children = (
				1058C7A6FEA54F5311CA2CBB /* Linked Frameworks */,
				1058C7A8FEA54F5311CA2CBB /* Other Frameworks */,
			);
			name = Frameworks;
			sourceTree = "<group>";
		};
/* End PBXGroup section */

/* Begin PBXNativeTarget section */
		8D15AC270486D014006FF6A4 /* Screen Grabber */ = {
			isa = PBXNativeTarget;
			buildConfigurationList = C05733C708A9546B00998B17 /* Build configuration list for PBXNativeTarget "Screen Grabber" */;
			buildPhases = (
				8D15AC2B0486D014006FF6A4 /* Resources */,
				8D15AC300486D014006FF6A4 /* Sources */,
				8D15AC330486D014006FF6A4 /* Frameworks */,
			);
			buildRules = (
			);
			dependencies = (
			);
			name = "Screen Grabber";
			productInstallPath = "$(HOME)/Applications";
			productName = ScreenGrabber;
			productReference = 8D15AC370486D014006FF6A4 /* Screen Grabber.app */;
			productType = "com.apple.product-type.application";
		};
/* End PBXNativeTarget section */

/* Begin PBXProject section */
		2A37F4A9FDCFA73011CA2CEA /* Project object */ = {
			isa = PBXProject;
			attributes = {
				ORGANIZATIONNAME = "Fredrik Olsson";
			};
			buildConfigurationList = C05733CB08A9546B00998B17 /* Build configuration list for PBXProject "ScreenGrabber" */;
			compatibilityVersion = "Xcode 3.2";
			developmentRegion = English;
			hasScannedForEncodings = 1;
			knownRegions = (
				English,
				Japanese,
				French,
				German,
				Swedish,
				ch_TW,
				zh_TW,
			);
			mainGroup = 2A37F4AAFDCFA73011CA2CEA /* ScreenGrabber */;
			projectDirPath = "";
			projectRoot = "";
			targets = (
				8D15AC270486D014006FF6A4 /* Screen Grabber */,
			);
		};
/* End PBXProject section */

/* Begin PBXResourcesBuildPhase section */
		8D15AC2B0486D014006FF6A4 /* Resources */ = {
			isa = PBXResourcesBuildPhase;
			buildActionMask = 2147483647;
			files = (
				8D15AC2C0486D014006FF6A4 /* Credits.rtf in Resources */,
				8D15AC2D0486D014006FF6A4 /* MainMenu.nib in Resources */,
				8D15AC2E0486D014006FF6A4 /* PreviewDocument.nib in Resources */,
				8D15AC2F0486D014006FF6A4 /* InfoPlist.strings in Resources */,
				A6F6D2AF0A8E5AEC004D3E80 /* ScreenGrabber.icns in Resources */,
			);
			runOnlyForDeploymentPostprocessing = 0;
		};
/* End PBXResourcesBuildPhase section */

/* Begin PBXSourcesBuildPhase section */
		8D15AC300486D014006FF6A4 /* Sources */ = {
			isa = PBXSourcesBuildPhase;
			buildActionMask = 2147483647;
			files = (
				8D15AC310486D014006FF6A4 /* FOPreviewDocument.m in Sources */,
				8D15AC320486D014006FF6A4 /* main.m in Sources */,
				A6CD99A10A849DA700F40EDE /* FOScreenGrabber.m in Sources */,
				A6A8A64B0A8DF0EB00B0C980 /* FOApplicationController.m in Sources */,
				A6F6D2030A8E3B6D004D3E80 /* FOBatchScreenGrabber.m in Sources */,
				A6F6D2EA0A8E6271004D3E80 /* FOScreenGrabberPrefs.m in Sources */,
				A61370490A92346F008B0900 /* QTMovieAdditions.m in Sources */,
			);
			runOnlyForDeploymentPostprocessing = 0;
		};
/* End PBXSourcesBuildPhase section */

/* Begin PBXVariantGroup section */
		089C165FFE840EACC02AAC07 /* InfoPlist.strings */ = {
			isa = PBXVariantGroup;
			children = (
				089C1660FE840EACC02AAC07 /* English */,
				A6B406B70A94E0F300E1E5F9 /* Swedish */,
				A6B406B80A94E0F700E1E5F9 /* Japanese */,
				A6B406B90A94E0FB00E1E5F9 /* French */,
				A6B4076D0A970C2100E1E5F9 /* zh_TW */,
			);
			name = InfoPlist.strings;
			sourceTree = "<group>";
		};
		2A37F4B4FDCFA73011CA2CEA /* PreviewDocument.nib */ = {
			isa = PBXVariantGroup;
			children = (
				2A37F4B5FDCFA73011CA2CEA /* English */,
				A6B406B20A94E0DF00E1E5F9 /* Swedish */,
				A6B406B30A94E0E300E1E5F9 /* Japanese */,
				A6B406B40A94E0E700E1E5F9 /* French */,
				A6B407640A970C0600E1E5F9 /* zh_TW */,
			);
			name = PreviewDocument.nib;
			sourceTree = "<group>";
		};
		2A37F4B6FDCFA73011CA2CEA /* MainMenu.nib */ = {
			isa = PBXVariantGroup;
			children = (
				2A37F4B7FDCFA73011CA2CEA /* English */,
				A6B406AD0A94E0C400E1E5F9 /* Swedish */,
				A6B406AE0A94E0CD00E1E5F9 /* Japanese */,
				A6B406AF0A94E0D100E1E5F9 /* French */,
				A6B407600A970BF000E1E5F9 /* zh_TW */,
			);
			name = MainMenu.nib;
			sourceTree = "<group>";
		};
		2A37F4B9FDCFA73011CA2CEA /* Credits.rtf */ = {
			isa = PBXVariantGroup;
			children = (
				2A37F4BAFDCFA73011CA2CEA /* English */,
				A6B406A80A94E0A300E1E5F9 /* Japanese */,
				A6B406A90A94E0AC00E1E5F9 /* French */,
				A6B406AA0A94E0B100E1E5F9 /* Swedish */,
				A6B4075D0A970BE400E1E5F9 /* zh_TW */,
			);
			name = Credits.rtf;
			sourceTree = "<group>";
		};
/* End PBXVariantGroup section */

/* Begin XCBuildConfiguration section */
		C05733C808A9546B00998B17 /* Debug */ = {
			isa = XCBuildConfiguration;
			buildSettings = {
				GCC_DYNAMIC_NO_PIC = NO;
				INFOPLIST_FILE = Info.plist;
				PRODUCT_NAME = "Screen Grabber";
				WRAPPER_EXTENSION = app;
				ZERO_LINK = YES;
			};
			name = Debug;
		};
		C05733C908A9546B00998B17 /* Release */ = {
			isa = XCBuildConfiguration;
			buildSettings = {
				INFOPLIST_FILE = Info.plist;
				PRODUCT_NAME = "Screen Grabber";
				WRAPPER_EXTENSION = app;
			};
			name = Release;
		};
		C05733CC08A9546B00998B17 /* Debug */ = {
			isa = XCBuildConfiguration;
			buildSettings = {
				DEBUG_INFORMATION_FORMAT = "dwarf-with-dsym";
				GCC_ENABLE_OBJC_EXCEPTIONS = YES;
				GCC_ENABLE_OBJC_GC = required;
				GCC_WARN_ABOUT_RETURN_TYPE = YES;
				GCC_WARN_UNUSED_VARIABLE = YES;
				PREBINDING = NO;
				SDKROOT = macosx;
				VALID_ARCHS = "i386 x86_64";
			};
			name = Debug;
		};
		C05733CD08A9546B00998B17 /* Release */ = {
			isa = XCBuildConfiguration;
			buildSettings = {
				CODE_SIGN_IDENTITY = "3rd Party Mac Developer Application: Fredrik Olsson";
				DEBUG_INFORMATION_FORMAT = "dwarf-with-dsym";
				GCC_ENABLE_OBJC_EXCEPTIONS = YES;
				GCC_ENABLE_OBJC_GC = required;
				GCC_WARN_ABOUT_RETURN_TYPE = YES;
				GCC_WARN_UNUSED_VARIABLE = YES;
				PREBINDING = NO;
				SDKROOT = macosx;
				VALID_ARCHS = "i386 x86_64";
			};
			name = Release;
		};
/* End XCBuildConfiguration section */

/* Begin XCConfigurationList section */
		C05733C708A9546B00998B17 /* Build configuration list for PBXNativeTarget "Screen Grabber" */ = {
			isa = XCConfigurationList;
			buildConfigurations = (
				C05733C808A9546B00998B17 /* Debug */,
				C05733C908A9546B00998B17 /* Release */,
			);
			defaultConfigurationIsVisible = 0;
			defaultConfigurationName = Release;
		};
		C05733CB08A9546B00998B17 /* Build configuration list for PBXProject "ScreenGrabber" */ = {
			isa = XCConfigurationList;
			buildConfigurations = (
				C05733CC08A9546B00998B17 /* Debug */,
				C05733CD08A9546B00998B17 /* Release */,
			);
			defaultConfigurationIsVisible = 0;
			defaultConfigurationName = Release;
		};
/* End XCConfigurationList section */
	};
	rootObject = 2A37F4A9FDCFA73011CA2CEA /* Project object */;
}
